PODS:
  - CwlSignal (2.2.0):
    - CwlUtils (~> 2.2.0)
  - CwlUtils (2.2.0)
  - CwlViews (0.1.0):
    - CwlSignal (~> 2.2.0)
    - CwlUtils (~> 2.2.0)
  - SnapKit (5.0.1)

DEPENDENCIES:
  - CwlSignal (~> 2.2.0)
  - CwlUtils (~> 2.2.0)
  - CwlViews (~> 0.1.0)
  - SnapKit (~> 5.0.1)

SPEC REPOS:
  trunk:
    - CwlSignal
    - CwlUtils
    - CwlViews
    - SnapKit

SPEC CHECKSUMS:
  CwlSignal: ec2a5c2646588270206f8289a0a56ab049464777
  CwlUtils: dd7790c5b4c4ff32030755bf1eeb339992ac1623
  CwlViews: 4053dc6e45ac2d6f099b0af11f2d0375fe55acfe
  SnapKit: 97b92857e3df3a0c71833cce143274bf6ef8e5eb

PODFILE CHECKSUM: ae79d31750a9a41b409b5ce076220fab37f09dc2

COCOAPODS: 1.10.1
