// !$*UTF8*$!
{
	archiveVersion = 1;
	classes = {
	};
	objectVersion = 51;
	objects = {

/* Begin PBXBuildFile section */
		06622E1E262C70F900B03C4A /* AppDelegate.swift in Sources */ = {isa = PBXBuildFile; fileRef = 06622E1D262C70F900B03C4A /* AppDelegate.swift */; };
		06622E20262C70F900B03C4A /* SceneDelegate.swift in Sources */ = {isa = PBXBuildFile; fileRef = 06622E1F262C70F900B03C4A /* SceneDelegate.swift */; };
		06622E22262C70F900B03C4A /* ViewController.swift in Sources */ = {isa = PBXBuildFile; fileRef = 06622E21262C70F900B03C4A /* ViewController.swift */; };
		06622E25262C70F900B03C4A /* Main.storyboard in Resources */ = {isa = PBXBuildFile; fileRef = 06622E23262C70F900B03C4A /* Main.storyboard */; };
		06622E27262C70FE00B03C4A /* Assets.xcassets in Resources */ = {isa = PBXBuildFile; fileRef = 06622E26262C70FE00B03C4A /* Assets.xcassets */; };
		06622E2A262C70FE00B03C4A /* LaunchScreen.storyboard in Resources */ = {isa = PBXBuildFile; fileRef = 06622E28262C70FE00B03C4A /* LaunchScreen.storyboard */; };
		0691EAF926305EE900ADB663 /* Model.swift in Sources */ = {isa = PBXBuildFile; fileRef = 0691EAF826305EE900ADB663 /* Model.swift */; };
		0691EBBB2631D15600ADB663 /* Elm.swift in Sources */ = {isa = PBXBuildFile; fileRef = 0691EBBA2631D15600ADB663 /* Elm.swift */; };
		2DF3B44C2ACF3D15FBB03EC0 /* Pods_MultiPattern.framework in Frameworks */ = {isa = PBXBuildFile; fileRef = D3A04D4F7558F689E36342F1 /* Pods_MultiPattern.framework */; };
/* End PBXBuildFile section */

/* Begin PBXFileReference section */
		06622E1A262C70F900B03C4A /* MultiPattern.app */ = {isa = PBXFileReference; explicitFileType = wrapper.application; includeInIndex = 0; path = MultiPattern.app; sourceTree = BUILT_PRODUCTS_DIR; };
		06622E1D262C70F900B03C4A /* AppDelegate.swift */ = {isa = PBXFileReference; lastKnownFileType = sourcecode.swift; path = AppDelegate.swift; sourceTree = "<group>"; };
		06622E1F262C70F900B03C4A /* SceneDelegate.swift */ = {isa = PBXFileReference; lastKnownFileType = sourcecode.swift; path = SceneDelegate.swift; sourceTree = "<group>"; };
		06622E21262C70F900B03C4A /* ViewController.swift */ = {isa = PBXFileReference; lastKnownFileType = sourcecode.swift; path = ViewController.swift; sourceTree = "<group>"; };
		06622E24262C70F900B03C4A /* Base */ = {isa = PBXFileReference; lastKnownFileType = file.storyboard; name = Base; path = Base.lproj/Main.storyboard; sourceTree = "<group>"; };
		06622E26262C70FE00B03C4A /* Assets.xcassets */ = {isa = PBXFileReference; lastKnownFileType = folder.assetcatalog; path = Assets.xcassets; sourceTree = "<group>"; };
		06622E29262C70FE00B03C4A /* Base */ = {isa = PBXFileReference; lastKnownFileType = file.storyboard; name = Base; path = Base.lproj/LaunchScreen.storyboard; sourceTree = "<group>"; };
		06622E2B262C70FE00B03C4A /* Info.plist */ = {isa = PBXFileReference; lastKnownFileType = text.plist.xml; path = Info.plist; sourceTree = "<group>"; };
		0691EAF826305EE900ADB663 /* Model.swift */ = {isa = PBXFileReference; lastKnownFileType = sourcecode.swift; path = Model.swift; sourceTree = "<group>"; };
		0691EBBA2631D15600ADB663 /* Elm.swift */ = {isa = PBXFileReference; lastKnownFileType = sourcecode.swift; path = Elm.swift; sourceTree = "<group>"; };
		40760C135C2E5F40B1098572 /* Pods-MultiPattern.release.xcconfig */ = {isa = PBXFileReference; includeInIndex = 1; lastKnownFileType = text.xcconfig; name = "Pods-MultiPattern.release.xcconfig"; path = "Target Support Files/Pods-MultiPattern/Pods-MultiPattern.release.xcconfig"; sourceTree = "<group>"; };
		6CCEB8A413A563C7E1CE43A2 /* Pods-MultiPattern.debug.xcconfig */ = {isa = PBXFileReference; includeInIndex = 1; lastKnownFileType = text.xcconfig; name = "Pods-MultiPattern.debug.xcconfig"; path = "Target Support Files/Pods-MultiPattern/Pods-MultiPattern.debug.xcconfig"; sourceTree = "<group>"; };
		D3A04D4F7558F689E36342F1 /* Pods_MultiPattern.framework */ = {isa = PBXFileReference; explicitFileType = wrapper.framework; includeInIndex = 0; path = Pods_MultiPattern.framework; sourceTree = BUILT_PRODUCTS_DIR; };
/* End PBXFileReference section */

/* Begin PBXFrameworksBuildPhase section */
		06622E17262C70F900B03C4A /* Frameworks */ = {
			isa = PBXFrameworksBuildPhase;
			buildActionMask = 2147483647;
			files = (
				2DF3B44C2ACF3D15FBB03EC0 /* Pods_MultiPattern.framework in Frameworks */,
			);
			runOnlyForDeploymentPostprocessing = 0;
		};
/* End PBXFrameworksBuildPhase section */

/* Begin PBXGroup section */
		06622E11262C70F900B03C4A = {
			isa = PBXGroup;
			children = (
				06622E1C262C70F900B03C4A /* MultiPattern */,
				06622E1B262C70F900B03C4A /* Products */,
				90C471ED1CE8F0E2A10F5042 /* Pods */,
				7DC5763D5A42CE4DC9D57B89 /* Frameworks */,
			);
			sourceTree = "<group>";
		};
		06622E1B262C70F900B03C4A /* Products */ = {
			isa = PBXGroup;
			children = (
				06622E1A262C70F900B03C4A /* MultiPattern.app */,
			);
			name = Products;
			sourceTree = "<group>";
		};
		06622E1C262C70F900B03C4A /* MultiPattern */ = {
			isa = PBXGroup;
			children = (
				06622E1D262C70F900B03C4A /* AppDelegate.swift */,
				06622E1F262C70F900B03C4A /* SceneDelegate.swift */,
				06622E21262C70F900B03C4A /* ViewController.swift */,
				0691EBBA2631D15600ADB663 /* Elm.swift */,
				0691EAF826305EE900ADB663 /* Model.swift */,
				06622E23262C70F900B03C4A /* Main.storyboard */,
				06622E26262C70FE00B03C4A /* Assets.xcassets */,
				06622E28262C70FE00B03C4A /* LaunchScreen.storyboard */,
				06622E2B262C70FE00B03C4A /* Info.plist */,
			);
			path = MultiPattern;
			sourceTree = "<group>";
		};
		7DC5763D5A42CE4DC9D57B89 /* Frameworks */ = {
			isa = PBXGroup;
			children = (
				D3A04D4F7558F689E36342F1 /* Pods_MultiPattern.framework */,
			);
			name = Frameworks;
			sourceTree = "<group>";
		};
		90C471ED1CE8F0E2A10F5042 /* Pods */ = {
			isa = PBXGroup;
			children = (
				6CCEB8A413A563C7E1CE43A2 /* Pods-MultiPattern.debug.xcconfig */,
				40760C135C2E5F40B1098572 /* Pods-MultiPattern.release.xcconfig */,
			);
			name = Pods;
			path = ../Pods;
			sourceTree = "<group>";
		};
/* End PBXGroup section */

/* Begin PBXNativeTarget section */
		06622E19262C70F900B03C4A /* MultiPattern */ = {
			isa = PBXNativeTarget;
			buildConfigurationList = 06622E2E262C70FE00B03C4A /* Build configuration list for PBXNativeTarget "MultiPattern" */;
			buildPhases = (
				4B1E36A80687E9E040DA6049 /* [CP] Check Pods Manifest.lock */,
				06622E16262C70F900B03C4A /* Sources */,
				06622E17262C70F900B03C4A /* Frameworks */,
				06622E18262C70F900B03C4A /* Resources */,
				DD7C96ADB945A38586873645 /* [CP] Embed Pods Frameworks */,
			);
			buildRules = (
			);
			dependencies = (
			);
			name = MultiPattern;
			productName = MultiPattern;
			productReference = 06622E1A262C70F900B03C4A /* MultiPattern.app */;
			productType = "com.apple.product-type.application";
		};
/* End PBXNativeTarget section */

/* Begin PBXProject section */
		06622E12262C70F900B03C4A /* Project object */ = {
			isa = PBXProject;
			attributes = {
				LastSwiftUpdateCheck = 1240;
				LastUpgradeCheck = 1240;
				TargetAttributes = {
					06622E19262C70F900B03C4A = {
						CreatedOnToolsVersion = 12.4;
					};
				};
			};
			buildConfigurationList = 06622E15262C70F900B03C4A /* Build configuration list for PBXProject "MultiPattern" */;
			compatibilityVersion = "Xcode 9.3";
			developmentRegion = en;
			hasScannedForEncodings = 0;
			knownRegions = (
				en,
				Base,
			);
			mainGroup = 06622E11262C70F900B03C4A;
			productRefGroup = 06622E1B262C70F900B03C4A /* Products */;
			projectDirPath = "";
			projectRoot = "";
			targets = (
				06622E19262C70F900B03C4A /* MultiPattern */,
			);
		};
/* End PBXProject section */

/* Begin PBXResourcesBuildPhase section */
		06622E18262C70F900B03C4A /* Resources */ = {
			isa = PBXResourcesBuildPhase;
			buildActionMask = 2147483647;
			files = (
				06622E2A262C70FE00B03C4A /* LaunchScreen.storyboard in Resources */,
				06622E27262C70FE00B03C4A /* Assets.xcassets in Resources */,
				06622E25262C70F900B03C4A /* Main.storyboard in Resources */,
			);
			runOnlyForDeploymentPostprocessing = 0;
		};
/* End PBXResourcesBuildPhase section */

/* Begin PBXShellScriptBuildPhase section */
		4B1E36A80687E9E040DA6049 /* [CP] Check Pods Manifest.lock */ = {
			isa = PBXShellScriptBuildPhase;
			buildActionMask = 2147483647;
			files = (
			);
			inputFileListPaths = (
			);
			inputPaths = (
				"${PODS_PODFILE_DIR_PATH}/Podfile.lock",
				"${PODS_ROOT}/Manifest.lock",
			);
			name = "[CP] Check Pods Manifest.lock";
			outputFileListPaths = (
			);
			outputPaths = (
				"$(DERIVED_FILE_DIR)/Pods-MultiPattern-checkManifestLockResult.txt",
			);
			runOnlyForDeploymentPostprocessing = 0;
			shellPath = /bin/sh;
			shellScript = "diff \"${PODS_PODFILE_DIR_PATH}/Podfile.lock\" \"${PODS_ROOT}/Manifest.lock\" > /dev/null\nif [ $? != 0 ] ; then\n    # print error to STDERR\n    echo \"error: The sandbox is not in sync with the Podfile.lock. Run 'pod install' or update your CocoaPods installation.\" >&2\n    exit 1\nfi\n# This output is used by Xcode 'outputs' to avoid re-running this script phase.\necho \"SUCCESS\" > \"${SCRIPT_OUTPUT_FILE_0}\"\n";
			showEnvVarsInLog = 0;
		};
		DD7C96ADB945A38586873645 /* [CP] Embed Pods Frameworks */ = {
			isa = PBXShellScriptBuildPhase;
			buildActionMask = 2147483647;
			files = (
			);
			inputFileListPaths = (
				"${PODS_ROOT}/Target Support Files/Pods-MultiPattern/Pods-MultiPattern-frameworks-${CONFIGURATION}-input-files.xcfilelist",
			);
			name = "[CP] Embed Pods Frameworks";
			outputFileListPaths = (
				"${PODS_ROOT}/Target Support Files/Pods-MultiPattern/Pods-MultiPattern-frameworks-${CONFIGURATION}-output-files.xcfilelist",
			);
			runOnlyForDeploymentPostprocessing = 0;
			shellPath = /bin/sh;
			shellScript = "\"${PODS_ROOT}/Target Support Files/Pods-MultiPattern/Pods-MultiPattern-frameworks.sh\"\n";
			showEnvVarsInLog = 0;
		};
/* End PBXShellScriptBuildPhase section */

/* Begin PBXSourcesBuildPhase section */
		06622E16262C70F900B03C4A /* Sources */ = {
			isa = PBXSourcesBuildPhase;
			buildActionMask = 2147483647;
			files = (
				0691EBBB2631D15600ADB663 /* Elm.swift in Sources */,
				06622E22262C70F900B03C4A /* ViewController.swift in Sources */,
				06622E1E262C70F900B03C4A /* AppDelegate.swift in Sources */,
				06622E20262C70F900B03C4A /* SceneDelegate.swift in Sources */,
				0691EAF926305EE900ADB663 /* Model.swift in Sources */,
			);
			runOnlyForDeploymentPostprocessing = 0;
		};
/* End PBXSourcesBuildPhase section */

/* Begin PBXVariantGroup section */
		06622E23262C70F900B03C4A /* Main.storyboard */ = {
			isa = PBXVariantGroup;
			children = (
				06622E24262C70F900B03C4A /* Base */,
			);
			name = Main.storyboard;
			sourceTree = "<group>";
		};
		06622E28262C70FE00B03C4A /* LaunchScreen.storyboard */ = {
			isa = PBXVariantGroup;
			children = (
				06622E29262C70FE00B03C4A /* Base */,
			);
			name = LaunchScreen.storyboard;
			sourceTree = "<group>";
		};
/* End PBXVariantGroup section */

/* Begin XCBuildConfiguration section */
		06622E2C262C70FE00B03C4A /* Debug */ = {
			isa = XCBuildConfiguration;
			buildSettings = {
				ALWAYS_SEARCH_USER_PATHS = NO;
				CLANG_ANALYZER_NONNULL = YES;
				CLANG_ANALYZER_NUMBER_OBJECT_CONVERSION = YES_AGGRESSIVE;
				CLANG_CXX_LANGUAGE_STANDARD = "gnu++14";
				CLANG_CXX_LIBRARY = "libc++";
				CLANG_ENABLE_MODULES = YES;
				CLANG_ENABLE_OBJC_ARC = YES;
				CLANG_ENABLE_OBJC_WEAK = YES;
				CLANG_WARN_BLOCK_CAPTURE_AUTORELEASING = YES;
				CLANG_WARN_BOOL_CONVERSION = YES;
				CLANG_WARN_COMMA = YES;
				CLANG_WARN_CONSTANT_CONVERSION = YES;
				CLANG_WARN_DEPRECATED_OBJC_IMPLEMENTATIONS = YES;
				CLANG_WARN_DIRECT_OBJC_ISA_USAGE = YES_ERROR;
				CLANG_WARN_DOCUMENTATION_COMMENTS = YES;
				CLANG_WARN_EMPTY_BODY = YES;
				CLANG_WARN_ENUM_CONVERSION = YES;
				CLANG_WARN_INFINITE_RECURSION = YES;
				CLANG_WARN_INT_CONVERSION = YES;
				CLANG_WARN_NON_LITERAL_NULL_CONVERSION = YES;
				CLANG_WARN_OBJC_IMPLICIT_RETAIN_SELF = YES;
				CLANG_WARN_OBJC_LITERAL_CONVERSION = YES;
				CLANG_WARN_OBJC_ROOT_CLASS = YES_ERROR;
				CLANG_WARN_QUOTED_INCLUDE_IN_FRAMEWORK_HEADER = YES;
				CLANG_WARN_RANGE_LOOP_ANALYSIS = YES;
				CLANG_WARN_STRICT_PROTOTYPES = YES;
				CLANG_WARN_SUSPICIOUS_MOVE = YES;
				CLANG_WARN_UNGUARDED_AVAILABILITY = YES_AGGRESSIVE;
				CLANG_WARN_UNREACHABLE_CODE = YES;
				CLANG_WARN__DUPLICATE_METHOD_MATCH = YES;
				COPY_PHASE_STRIP = NO;
				DEBUG_INFORMATION_FORMAT = dwarf;
				ENABLE_STRICT_OBJC_MSGSEND = YES;
				ENABLE_TESTABILITY = YES;
				GCC_C_LANGUAGE_STANDARD = gnu11;
				GCC_DYNAMIC_NO_PIC = NO;
				GCC_NO_COMMON_BLOCKS = YES;
				GCC_OPTIMIZATION_LEVEL = 0;
				GCC_PREPROCESSOR_DEFINITIONS = (
					"DEBUG=1",
					"$(inherited)",
				);
				GCC_WARN_64_TO_32_BIT_CONVERSION = YES;
				GCC_WARN_ABOUT_RETURN_TYPE = YES_ERROR;
				GCC_WARN_UNDECLARED_SELECTOR = YES;
				GCC_WARN_UNINITIALIZED_AUTOS = YES_AGGRESSIVE;
				GCC_WARN_UNUSED_FUNCTION = YES;
				GCC_WARN_UNUSED_VARIABLE = YES;
				IPHONEOS_DEPLOYMENT_TARGET = 14.4;
				MTL_ENABLE_DEBUG_INFO = INCLUDE_SOURCE;
				MTL_FAST_MATH = YES;
				ONLY_ACTIVE_ARCH = YES;
				SDKROOT = iphoneos;
				SWIFT_ACTIVE_COMPILATION_CONDITIONS = DEBUG;
				SWIFT_OPTIMIZATION_LEVEL = "-Onone";
			};
			name = Debug;
		};
		06622E2D262C70FE00B03C4A /* Release */ = {
			isa = XCBuildConfiguration;
			buildSettings = {
				ALWAYS_SEARCH_USER_PATHS = NO;
				CLANG_ANALYZER_NONNULL = YES;
				CLANG_ANALYZER_NUMBER_OBJECT_CONVERSION = YES_AGGRESSIVE;
				CLANG_CXX_LANGUAGE_STANDARD = "gnu++14";
				CLANG_CXX_LIBRARY = "libc++";
				CLANG_ENABLE_MODULES = YES;
				CLANG_ENABLE_OBJC_ARC = YES;
				CLANG_ENABLE_OBJC_WEAK = YES;
				CLANG_WARN_BLOCK_CAPTURE_AUTORELEASING = YES;
				CLANG_WARN_BOOL_CONVERSION = YES;
				CLANG_WARN_COMMA = YES;
				CLANG_WARN_CONSTANT_CONVERSION = YES;
				CLANG_WARN_DEPRECATED_OBJC_IMPLEMENTATIONS = YES;
				CLANG_WARN_DIRECT_OBJC_ISA_USAGE = YES_ERROR;
				CLANG_WARN_DOCUMENTATION_COMMENTS = YES;
				CLANG_WARN_EMPTY_BODY = YES;
				CLANG_WARN_ENUM_CONVERSION = YES;
				CLANG_WARN_INFINITE_RECURSION = YES;
				CLANG_WARN_INT_CONVERSION = YES;
				CLANG_WARN_NON_LITERAL_NULL_CONVERSION = YES;
				CLANG_WARN_OBJC_IMPLICIT_RETAIN_SELF = YES;
				CLANG_WARN_OBJC_LITERAL_CONVERSION = YES;
				CLANG_WARN_OBJC_ROOT_CLASS = YES_ERROR;
				CLANG_WARN_QUOTED_INCLUDE_IN_FRAMEWORK_HEADER = YES;
				CLANG_WARN_RANGE_LOOP_ANALYSIS = YES;
				CLANG_WARN_STRICT_PROTOTYPES = YES;
				CLANG_WARN_SUSPICIOUS_MOVE = YES;
				CLANG_WARN_UNGUARDED_AVAILABILITY = YES_AGGRESSIVE;
				CLANG_WARN_UNREACHABLE_CODE = YES;
				CLANG_WARN__DUPLICATE_METHOD_MATCH = YES;
				COPY_PHASE_STRIP = NO;
				DEBUG_INFORMATION_FORMAT = "dwarf-with-dsym";
				ENABLE_NS_ASSERTIONS = NO;
				ENABLE_STRICT_OBJC_MSGSEND = YES;
				GCC_C_LANGUAGE_STANDARD = gnu11;
				GCC_NO_COMMON_BLOCKS = YES;
				GCC_WARN_64_TO_32_BIT_CONVERSION = YES;
				GCC_WARN_ABOUT_RETURN_TYPE = YES_ERROR;
				GCC_WARN_UNDECLARED_SELECTOR = YES;
				GCC_WARN_UNINITIALIZED_AUTOS = YES_AGGRESSIVE;
				GCC_WARN_UNUSED_FUNCTION = YES;
				GCC_WARN_UNUSED_VARIABLE = YES;
				IPHONEOS_DEPLOYMENT_TARGET = 14.4;
				MTL_ENABLE_DEBUG_INFO = NO;
				MTL_FAST_MATH = YES;
				SDKROOT = iphoneos;
				SWIFT_COMPILATION_MODE = wholemodule;
				SWIFT_OPTIMIZATION_LEVEL = "-O";
				VALIDATE_PRODUCT = YES;
			};
			name = Release;
		};
		06622E2F262C70FE00B03C4A /* Debug */ = {
			isa = XCBuildConfiguration;
			baseConfigurationReference = 6CCEB8A413A563C7E1CE43A2 /* Pods-MultiPattern.debug.xcconfig */;
			buildSettings = {
				ASSETCATALOG_COMPILER_APPICON_NAME = AppIcon;
				ASSETCATALOG_COMPILER_GLOBAL_ACCENT_COLOR_NAME = AccentColor;
				CODE_SIGN_STYLE = Automatic;
				DEVELOPMENT_TEAM = CTPY8R78PE;
				INFOPLIST_FILE = MultiPattern/Info.plist;
				LD_RUNPATH_SEARCH_PATHS = (
					"$(inherited)",
					"@executable_path/Frameworks",
				);
				PRODUCT_BUNDLE_IDENTIFIER = com.demo.grz.MultiPattern;
				PRODUCT_NAME = "$(TARGET_NAME)";
				SWIFT_VERSION = 5.0;
				TARGETED_DEVICE_FAMILY = "1,2";
			};
			name = Debug;
		};
		06622E30262C70FE00B03C4A /* Release */ = {
			isa = XCBuildConfiguration;
			baseConfigurationReference = 40760C135C2E5F40B1098572 /* Pods-MultiPattern.release.xcconfig */;
			buildSettings = {
				ASSETCATALOG_COMPILER_APPICON_NAME = AppIcon;
				ASSETCATALOG_COMPILER_GLOBAL_ACCENT_COLOR_NAME = AccentColor;
				CODE_SIGN_STYLE = Automatic;
				DEVELOPMENT_TEAM = CTPY8R78PE;
				INFOPLIST_FILE = MultiPattern/Info.plist;
				LD_RUNPATH_SEARCH_PATHS = (
					"$(inherited)",
					"@executable_path/Frameworks",
				);
				PRODUCT_BUNDLE_IDENTIFIER = com.demo.grz.MultiPattern;
				PRODUCT_NAME = "$(TARGET_NAME)";
				SWIFT_VERSION = 5.0;
				TARGETED_DEVICE_FAMILY = "1,2";
			};
			name = Release;
		};
/* End XCBuildConfiguration section */

/* Begin XCConfigurationList section */
		06622E15262C70F900B03C4A /* Build configuration list for PBXProject "MultiPattern" */ = {
			isa = XCConfigurationList;
			buildConfigurations = (
				06622E2C262C70FE00B03C4A /* Debug */,
				06622E2D262C70FE00B03C4A /* Release */,
			);
			defaultConfigurationIsVisible = 0;
			defaultConfigurationName = Release;
		};
		06622E2E262C70FE00B03C4A /* Build configuration list for PBXNativeTarget "MultiPattern" */ = {
			isa = XCConfigurationList;
			buildConfigurations = (
				06622E2F262C70FE00B03C4A /* Debug */,
				06622E30262C70FE00B03C4A /* Release */,
			);
			defaultConfigurationIsVisible = 0;
			defaultConfigurationName = Release;
		};
/* End XCConfigurationList section */
	};
	rootObject = 06622E12262C70F900B03C4A /* Project object */;
}
